
Microsoft Visual Studio Solution File, Format Version 12.00
# Visual Studio Version 16
VisualStudioVersion = 16.0.32929.386
MinimumVisualStudioVersion = 10.0.40219.1
Project("{FAE04EC0-301F-11D3-BF4B-00C04F79EFBC}") = "GmailC2", "GmailC2.csproj", "{946D24E4-201B-4D51-AF9A-3190266E0E1B}"
EndProject
Global
	GlobalSection(SolutionConfigurationPlatforms) = preSolution
		Debug|Any CPU = Debug|Any CPU
		Release|Any CPU = Release|Any CPU
	EndGlobalSection
	GlobalSection(ProjectConfigurationPlatforms) = postSolution
		{946D24E4-201B-4D51-AF9A-3190266E0E1B}.Debug|Any CPU.ActiveCfg = Debug|Any CPU
		{946D24E4-201B-4D51-AF9A-3190266E0E1B}.Debug|Any CPU.Build.0 = Debug|Any CPU
		{946D24E4-201B-4D51-AF9A-3190266E0E1B}.Release|Any CPU.ActiveCfg = Release|Any CPU
		{946D24E4-201B-4D51-AF9A-3190266E0E1B}.Release|Any CPU.Build.0 = Release|Any CPU
	EndGlobalSection
	GlobalSection(SolutionProperties) = preSolution
		HideSolutionNode = FALSE
	EndGlobalSection
	GlobalSection(ExtensibilityGlobals) = postSolution
		SolutionGuid = {CE895D82-85AA-41D9-935A-9625312D87D0}
	EndGlobalSection
EndGlobal
